// !$*UTF8*$!
{
	archiveVersion = 1;
	classes = {
	};
	objectVersion = 56;
	objects = {

/* Begin PBXBuildFile section */
		F201A3042A9B55730000E594 /* TeamView.swift in Sources */ = {isa = PBXBuildFile; fileRef = F201A3032A9B55730000E594 /* TeamView.swift */; };
		F201A30F2A9B55840000E594 /* MemberView.swift in Sources */ = {isa = PBXBuildFile; fileRef = F201A3052A9B55840000E594 /* MemberView.swift */; };
		F201A3102A9B55840000E594 /* Color+Design.swift in Sources */ = {isa = PBXBuildFile; fileRef = F201A3062A9B55840000E594 /* Color+Design.swift */; };
		F201A3112A9B55840000E594 /* Texts.swift in Sources */ = {isa = PBXBuildFile; fileRef = F201A3072A9B55840000E594 /* Texts.swift */; };
		F201A3122A9B55840000E594 /* TeamMemberInfo.swift in Sources */ = {isa = PBXBuildFile; fileRef = F201A3082A9B55840000E594 /* TeamMemberInfo.swift */; };
		F201A3132A9B55840000E594 /* ExternalURLs.swift in Sources */ = {isa = PBXBuildFile; fileRef = F201A3092A9B55840000E594 /* ExternalURLs.swift */; };
		F201A3142A9B55840000E594 /* MainHeaderView.swift in Sources */ = {isa = PBXBuildFile; fileRef = F201A30A2A9B55840000E594 /* MainHeaderView.swift */; };
		F201A3152A9B55840000E594 /* PodcastView.swift in Sources */ = {isa = PBXBuildFile; fileRef = F201A30B2A9B55840000E594 /* PodcastView.swift */; };
		F201A3162A9B55840000E594 /* Font+Design.swift in Sources */ = {isa = PBXBuildFile; fileRef = F201A30C2A9B55840000E594 /* Font+Design.swift */; };
		F201A3172A9B55840000E594 /* HeaderView.swift in Sources */ = {isa = PBXBuildFile; fileRef = F201A30D2A9B55840000E594 /* HeaderView.swift */; };
		F201A3182A9B55840000E594 /* TeammemberView.swift in Sources */ = {isa = PBXBuildFile; fileRef = F201A30E2A9B55840000E594 /* TeammemberView.swift */; };
		F21E9B142AAE541800AFB4E8 /* MapView.swift in Sources */ = {isa = PBXBuildFile; fileRef = F21E9B132AAE541800AFB4E8 /* MapView.swift */; };
		F2410D372ABB12BC0075091A /* Constants.swift in Sources */ = {isa = PBXBuildFile; fileRef = F2410D362ABB12BC0075091A /* Constants.swift */; };
		F2A8D1152ABE281600A44C13 /* LocationCity.swift in Sources */ = {isa = PBXBuildFile; fileRef = F2A8D1142ABE281600A44C13 /* LocationCity.swift */; };
		F2AA9CF12AEBEAD90044B016 /* LadefuchsView.swift in Sources */ = {isa = PBXBuildFile; fileRef = F2AA9CF02AEBEAD90044B016 /* LadefuchsView.swift */; };
		F2AD3EC22AF6AB5A00E4EC81 /* IlluView.swift in Sources */ = {isa = PBXBuildFile; fileRef = F2AD3EC12AF6AB5A00E4EC81 /* IlluView.swift */; };
		F2AD3EC42AF6AC6100E4EC81 /* LizenzView.swift in Sources */ = {isa = PBXBuildFile; fileRef = F2AD3EC32AF6AC6100E4EC81 /* LizenzView.swift */; };
		F2AD3EC62AF6AD8F00E4EC81 /* FooterView.swift in Sources */ = {isa = PBXBuildFile; fileRef = F2AD3EC52AF6AD8F00E4EC81 /* FooterView.swift */; };
		F2AD3EC82AF6AE8900E4EC81 /* VersionView.swift in Sources */ = {isa = PBXBuildFile; fileRef = F2AD3EC72AF6AE8900E4EC81 /* VersionView.swift */; };
		F2CCD41A2A9F750B0000785E /* Assets.xcassets in Resources */ = {isa = PBXBuildFile; fileRef = F2CCD4192A9F750B0000785E /* Assets.xcassets */; };
		F2CCD41C2A9F88770000785E /* InfoView.swift in Sources */ = {isa = PBXBuildFile; fileRef = F2CCD41B2A9F88770000785E /* InfoView.swift */; };
		F2CCD42C2A9F8BCA0000785E /* Roboto-Medium.ttf in Resources */ = {isa = PBXBuildFile; fileRef = F2CCD41E2A9F8BCA0000785E /* Roboto-Medium.ttf */; };
		F2CCD42D2A9F8BCA0000785E /* Bitter-Bold.ttf in Resources */ = {isa = PBXBuildFile; fileRef = F2CCD41F2A9F8BCA0000785E /* Bitter-Bold.ttf */; };
		F2CCD42E2A9F8BCA0000785E /* Roboto-Light.ttf in Resources */ = {isa = PBXBuildFile; fileRef = F2CCD4202A9F8BCA0000785E /* Roboto-Light.ttf */; };
		F2CCD42F2A9F8BCA0000785E /* Bitter-Medium.ttf in Resources */ = {isa = PBXBuildFile; fileRef = F2CCD4212A9F8BCA0000785E /* Bitter-Medium.ttf */; };
		F2CCD4302A9F8BCA0000785E /* Roboto-Regular.ttf in Resources */ = {isa = PBXBuildFile; fileRef = F2CCD4222A9F8BCA0000785E /* Roboto-Regular.ttf */; };
		F2CCD4312A9F8BCA0000785E /* Roboto-MediumItalic.ttf in Resources */ = {isa = PBXBuildFile; fileRef = F2CCD4232A9F8BCA0000785E /* Roboto-MediumItalic.ttf */; };
		F2CCD4322A9F8BCA0000785E /* Bitter-SemiBold.ttf in Resources */ = {isa = PBXBuildFile; fileRef = F2CCD4242A9F8BCA0000785E /* Bitter-SemiBold.ttf */; };
		F2CCD4332A9F8BCA0000785E /* Roboto-Italic.ttf in Resources */ = {isa = PBXBuildFile; fileRef = F2CCD4252A9F8BCA0000785E /* Roboto-Italic.ttf */; };
		F2CCD4342A9F8BCA0000785E /* Bitter-Regular.ttf in Resources */ = {isa = PBXBuildFile; fileRef = F2CCD4262A9F8BCA0000785E /* Bitter-Regular.ttf */; };
		F2CCD4352A9F8BCA0000785E /* Roboto-Bold.ttf in Resources */ = {isa = PBXBuildFile; fileRef = F2CCD4272A9F8BCA0000785E /* Roboto-Bold.ttf */; };
		F2CCD4362A9F8BCA0000785E /* Roboto-Thin.ttf in Resources */ = {isa = PBXBuildFile; fileRef = F2CCD4282A9F8BCA0000785E /* Roboto-Thin.ttf */; };
		F2CCD4372A9F8BCA0000785E /* Bitter-Italic.ttf in Resources */ = {isa = PBXBuildFile; fileRef = F2CCD4292A9F8BCA0000785E /* Bitter-Italic.ttf */; };
		F2CCD4382A9F8BCA0000785E /* Bitter-Light.ttf in Resources */ = {isa = PBXBuildFile; fileRef = F2CCD42A2A9F8BCA0000785E /* Bitter-Light.ttf */; };
		F2CCD4392A9F8BCA0000785E /* Bitter-MediumItalic.ttf in Resources */ = {isa = PBXBuildFile; fileRef = F2CCD42B2A9F8BCA0000785E /* Bitter-MediumItalic.ttf */; };
		F2D68B1529DDB3BB00194071 /* ParkfuchsApp.swift in Sources */ = {isa = PBXBuildFile; fileRef = F2D68B1429DDB3BB00194071 /* ParkfuchsApp.swift */; };
		F2D68B1729DDB3BB00194071 /* ContentView.swift in Sources */ = {isa = PBXBuildFile; fileRef = F2D68B1629DDB3BB00194071 /* ContentView.swift */; };
		F2D68B1C29DDB3BB00194071 /* Preview Assets.xcassets in Resources */ = {isa = PBXBuildFile; fileRef = F2D68B1B29DDB3BB00194071 /* Preview Assets.xcassets */; };
/* End PBXBuildFile section */

/* Begin PBXFileReference section */
		F201A3032A9B55730000E594 /* TeamView.swift */ = {isa = PBXFileReference; fileEncoding = 4; lastKnownFileType = sourcecode.swift; path = TeamView.swift; sourceTree = "<group>"; };
		F201A3052A9B55840000E594 /* MemberView.swift */ = {isa = PBXFileReference; fileEncoding = 4; lastKnownFileType = sourcecode.swift; path = MemberView.swift; sourceTree = "<group>"; };
		F201A3062A9B55840000E594 /* Color+Design.swift */ = {isa = PBXFileReference; fileEncoding = 4; lastKnownFileType = sourcecode.swift; path = "Color+Design.swift"; sourceTree = "<group>"; };
		F201A3072A9B55840000E594 /* Texts.swift */ = {isa = PBXFileReference; fileEncoding = 4; lastKnownFileType = sourcecode.swift; path = Texts.swift; sourceTree = "<group>"; };
		F201A3082A9B55840000E594 /* TeamMemberInfo.swift */ = {isa = PBXFileReference; fileEncoding = 4; lastKnownFileType = sourcecode.swift; path = TeamMemberInfo.swift; sourceTree = "<group>"; };
		F201A3092A9B55840000E594 /* ExternalURLs.swift */ = {isa = PBXFileReference; fileEncoding = 4; lastKnownFileType = sourcecode.swift; path = ExternalURLs.swift; sourceTree = "<group>"; };
		F201A30A2A9B55840000E594 /* MainHeaderView.swift */ = {isa = PBXFileReference; fileEncoding = 4; lastKnownFileType = sourcecode.swift; path = MainHeaderView.swift; sourceTree = "<group>"; };
		F201A30B2A9B55840000E594 /* PodcastView.swift */ = {isa = PBXFileReference; fileEncoding = 4; lastKnownFileType = sourcecode.swift; path = PodcastView.swift; sourceTree = "<group>"; };
		F201A30C2A9B55840000E594 /* Font+Design.swift */ = {isa = PBXFileReference; fileEncoding = 4; lastKnownFileType = sourcecode.swift; path = "Font+Design.swift"; sourceTree = "<group>"; };
		F201A30D2A9B55840000E594 /* HeaderView.swift */ = {isa = PBXFileReference; fileEncoding = 4; lastKnownFileType = sourcecode.swift; path = HeaderView.swift; sourceTree = "<group>"; };
		F201A30E2A9B55840000E594 /* TeammemberView.swift */ = {isa = PBXFileReference; fileEncoding = 4; lastKnownFileType = sourcecode.swift; path = TeammemberView.swift; sourceTree = "<group>"; };
		F211E03E2AC598F6006C0604 /* Parkfuchs.entitlements */ = {isa = PBXFileReference; lastKnownFileType = text.plist.entitlements; path = Parkfuchs.entitlements; sourceTree = "<group>"; };
		F21E9B132AAE541800AFB4E8 /* MapView.swift */ = {isa = PBXFileReference; lastKnownFileType = sourcecode.swift; path = MapView.swift; sourceTree = "<group>"; };
		F2410D362ABB12BC0075091A /* Constants.swift */ = {isa = PBXFileReference; lastKnownFileType = sourcecode.swift; path = Constants.swift; sourceTree = "<group>"; };
		F2A8D1142ABE281600A44C13 /* LocationCity.swift */ = {isa = PBXFileReference; fileEncoding = 4; lastKnownFileType = sourcecode.swift; path = LocationCity.swift; sourceTree = "<group>"; };
		F2AA9CF02AEBEAD90044B016 /* LadefuchsView.swift */ = {isa = PBXFileReference; lastKnownFileType = sourcecode.swift; path = LadefuchsView.swift; sourceTree = "<group>"; };
		F2AD3EC12AF6AB5A00E4EC81 /* IlluView.swift */ = {isa = PBXFileReference; lastKnownFileType = sourcecode.swift; path = IlluView.swift; sourceTree = "<group>"; };
		F2AD3EC32AF6AC6100E4EC81 /* LizenzView.swift */ = {isa = PBXFileReference; lastKnownFileType = sourcecode.swift; path = LizenzView.swift; sourceTree = "<group>"; };
		F2AD3EC52AF6AD8F00E4EC81 /* FooterView.swift */ = {isa = PBXFileReference; lastKnownFileType = sourcecode.swift; path = FooterView.swift; sourceTree = "<group>"; };
		F2AD3EC72AF6AE8900E4EC81 /* VersionView.swift */ = {isa = PBXFileReference; lastKnownFileType = sourcecode.swift; path = VersionView.swift; sourceTree = "<group>"; };
		F2CCD4192A9F750B0000785E /* Assets.xcassets */ = {isa = PBXFileReference; lastKnownFileType = folder.assetcatalog; path = Assets.xcassets; sourceTree = "<group>"; };
		F2CCD41B2A9F88770000785E /* InfoView.swift */ = {isa = PBXFileReference; fileEncoding = 4; lastKnownFileType = sourcecode.swift; path = InfoView.swift; sourceTree = "<group>"; };
		F2CCD41E2A9F8BCA0000785E /* Roboto-Medium.ttf */ = {isa = PBXFileReference; lastKnownFileType = file; path = "Roboto-Medium.ttf"; sourceTree = "<group>"; };
		F2CCD41F2A9F8BCA0000785E /* Bitter-Bold.ttf */ = {isa = PBXFileReference; lastKnownFileType = file; path = "Bitter-Bold.ttf"; sourceTree = "<group>"; };
		F2CCD4202A9F8BCA0000785E /* Roboto-Light.ttf */ = {isa = PBXFileReference; lastKnownFileType = file; path = "Roboto-Light.ttf"; sourceTree = "<group>"; };
		F2CCD4212A9F8BCA0000785E /* Bitter-Medium.ttf */ = {isa = PBXFileReference; lastKnownFileType = file; path = "Bitter-Medium.ttf"; sourceTree = "<group>"; };
		F2CCD4222A9F8BCA0000785E /* Roboto-Regular.ttf */ = {isa = PBXFileReference; lastKnownFileType = file; path = "Roboto-Regular.ttf"; sourceTree = "<group>"; };
		F2CCD4232A9F8BCA0000785E /* Roboto-MediumItalic.ttf */ = {isa = PBXFileReference; lastKnownFileType = file; path = "Roboto-MediumItalic.ttf"; sourceTree = "<group>"; };
		F2CCD4242A9F8BCA0000785E /* Bitter-SemiBold.ttf */ = {isa = PBXFileReference; lastKnownFileType = file; path = "Bitter-SemiBold.ttf"; sourceTree = "<group>"; };
		F2CCD4252A9F8BCA0000785E /* Roboto-Italic.ttf */ = {isa = PBXFileReference; lastKnownFileType = file; path = "Roboto-Italic.ttf"; sourceTree = "<group>"; };
		F2CCD4262A9F8BCA0000785E /* Bitter-Regular.ttf */ = {isa = PBXFileReference; lastKnownFileType = file; path = "Bitter-Regular.ttf"; sourceTree = "<group>"; };
		F2CCD4272A9F8BCA0000785E /* Roboto-Bold.ttf */ = {isa = PBXFileReference; lastKnownFileType = file; path = "Roboto-Bold.ttf"; sourceTree = "<group>"; };
		F2CCD4282A9F8BCA0000785E /* Roboto-Thin.ttf */ = {isa = PBXFileReference; lastKnownFileType = file; path = "Roboto-Thin.ttf"; sourceTree = "<group>"; };
		F2CCD4292A9F8BCA0000785E /* Bitter-Italic.ttf */ = {isa = PBXFileReference; lastKnownFileType = file; path = "Bitter-Italic.ttf"; sourceTree = "<group>"; };
		F2CCD42A2A9F8BCA0000785E /* Bitter-Light.ttf */ = {isa = PBXFileReference; lastKnownFileType = file; path = "Bitter-Light.ttf"; sourceTree = "<group>"; };
		F2CCD42B2A9F8BCA0000785E /* Bitter-MediumItalic.ttf */ = {isa = PBXFileReference; lastKnownFileType = file; path = "Bitter-MediumItalic.ttf"; sourceTree = "<group>"; };
		F2CCD43A2A9F9A1D0000785E /* Info.plist */ = {isa = PBXFileReference; lastKnownFileType = text.plist; path = Info.plist; sourceTree = "<group>"; };
		F2D68B1129DDB3BB00194071 /* Parkfuchs.app */ = {isa = PBXFileReference; explicitFileType = wrapper.application; includeInIndex = 0; path = Parkfuchs.app; sourceTree = BUILT_PRODUCTS_DIR; };
		F2D68B1429DDB3BB00194071 /* ParkfuchsApp.swift */ = {isa = PBXFileReference; lastKnownFileType = sourcecode.swift; path = ParkfuchsApp.swift; sourceTree = "<group>"; };
		F2D68B1629DDB3BB00194071 /* ContentView.swift */ = {isa = PBXFileReference; lastKnownFileType = sourcecode.swift; path = ContentView.swift; sourceTree = "<group>"; };
		F2D68B1B29DDB3BB00194071 /* Preview Assets.xcassets */ = {isa = PBXFileReference; lastKnownFileType = folder.assetcatalog; path = "Preview Assets.xcassets"; sourceTree = "<group>"; };
/* End PBXFileReference section */

/* Begin PBXFrameworksBuildPhase section */
		F2D68B0E29DDB3BB00194071 /* Frameworks */ = {
			isa = PBXFrameworksBuildPhase;
			buildActionMask = 2147483647;
			files = (
			);
			runOnlyForDeploymentPostprocessing = 0;
		};
/* End PBXFrameworksBuildPhase section */

/* Begin PBXGroup section */
		F2CCD41D2A9F8BCA0000785E /* Fonts */ = {
			isa = PBXGroup;
			children = (
				F2CCD4292A9F8BCA0000785E /* Bitter-Italic.ttf */,
				F2CCD41E2A9F8BCA0000785E /* Roboto-Medium.ttf */,
				F2CCD41F2A9F8BCA0000785E /* Bitter-Bold.ttf */,
				F2CCD4202A9F8BCA0000785E /* Roboto-Light.ttf */,
				F2CCD4212A9F8BCA0000785E /* Bitter-Medium.ttf */,
				F2CCD4222A9F8BCA0000785E /* Roboto-Regular.ttf */,
				F2CCD4232A9F8BCA0000785E /* Roboto-MediumItalic.ttf */,
				F2CCD4242A9F8BCA0000785E /* Bitter-SemiBold.ttf */,
				F2CCD4252A9F8BCA0000785E /* Roboto-Italic.ttf */,
				F2CCD4262A9F8BCA0000785E /* Bitter-Regular.ttf */,
				F2CCD4272A9F8BCA0000785E /* Roboto-Bold.ttf */,
				F2CCD4282A9F8BCA0000785E /* Roboto-Thin.ttf */,
				F2CCD42A2A9F8BCA0000785E /* Bitter-Light.ttf */,
				F2CCD42B2A9F8BCA0000785E /* Bitter-MediumItalic.ttf */,
			);
			path = Fonts;
			sourceTree = "<group>";
		};
		F2D68B0829DDB3BB00194071 = {
			isa = PBXGroup;
			children = (
				F2D68B1329DDB3BB00194071 /* Parkfuchs */,
				F2D68B1229DDB3BB00194071 /* Products */,
			);
			sourceTree = "<group>";
		};
		F2D68B1229DDB3BB00194071 /* Products */ = {
			isa = PBXGroup;
			children = (
				F2D68B1129DDB3BB00194071 /* Parkfuchs.app */,
			);
			name = Products;
			sourceTree = "<group>";
		};
		F2D68B1329DDB3BB00194071 /* Parkfuchs */ = {
			isa = PBXGroup;
			children = (
				F211E03E2AC598F6006C0604 /* Parkfuchs.entitlements */,
				F2CCD43A2A9F9A1D0000785E /* Info.plist */,
				F2D68B1429DDB3BB00194071 /* ParkfuchsApp.swift */,
				F2D68B1629DDB3BB00194071 /* ContentView.swift */,
				F201A3032A9B55730000E594 /* TeamView.swift */,
				F201A3062A9B55840000E594 /* Color+Design.swift */,
				F201A3092A9B55840000E594 /* ExternalURLs.swift */,
				F201A30C2A9B55840000E594 /* Font+Design.swift */,
				F201A30D2A9B55840000E594 /* HeaderView.swift */,
				F201A30A2A9B55840000E594 /* MainHeaderView.swift */,
				F201A3052A9B55840000E594 /* MemberView.swift */,
				F201A30B2A9B55840000E594 /* PodcastView.swift */,
				F2AA9CF02AEBEAD90044B016 /* LadefuchsView.swift */,
				F2CCD41B2A9F88770000785E /* InfoView.swift */,
				F2AD3EC12AF6AB5A00E4EC81 /* IlluView.swift */,
				F2AD3EC32AF6AC6100E4EC81 /* LizenzView.swift */,
				F2AD3EC52AF6AD8F00E4EC81 /* FooterView.swift */,
				F2AD3EC72AF6AE8900E4EC81 /* VersionView.swift */,
				F21E9B132AAE541800AFB4E8 /* MapView.swift */,
				F2A8D1142ABE281600A44C13 /* LocationCity.swift */,
				F201A3082A9B55840000E594 /* TeamMemberInfo.swift */,
				F201A30E2A9B55840000E594 /* TeammemberView.swift */,
				F201A3072A9B55840000E594 /* Texts.swift */,
				F2CCD4192A9F750B0000785E /* Assets.xcassets */,
				F2CCD41D2A9F8BCA0000785E /* Fonts */,
				F2D68B1A29DDB3BB00194071 /* Preview Content */,
			);
			path = Parkfuchs;
			sourceTree = "<group>";
		};
		F2D68B1A29DDB3BB00194071 /* Preview Content */ = {
			isa = PBXGroup;
			children = (
				F2D68B1B29DDB3BB00194071 /* Preview Assets.xcassets */,
				F2410D362ABB12BC0075091A /* Constants.swift */,
			);
			path = "Preview Content";
			sourceTree = "<group>";
		};
/* End PBXGroup section */

/* Begin PBXNativeTarget section */
		F2D68B1029DDB3BB00194071 /* Parkfuchs */ = {
			isa = PBXNativeTarget;
			buildConfigurationList = F2D68B1F29DDB3BB00194071 /* Build configuration list for PBXNativeTarget "Parkfuchs" */;
			buildPhases = (
				F2D68B0D29DDB3BB00194071 /* Sources */,
				F2D68B0E29DDB3BB00194071 /* Frameworks */,
				F2D68B0F29DDB3BB00194071 /* Resources */,
			);
			buildRules = (
			);
			dependencies = (
			);
			name = Parkfuchs;
			productName = Parkfuchs;
			productReference = F2D68B1129DDB3BB00194071 /* Parkfuchs.app */;
			productType = "com.apple.product-type.application";
		};
/* End PBXNativeTarget section */

/* Begin PBXProject section */
		F2D68B0929DDB3BB00194071 /* Project object */ = {
			isa = PBXProject;
			attributes = {
				BuildIndependentTargetsInParallel = 1;
				LastSwiftUpdateCheck = 1430;
				LastUpgradeCheck = 1500;
				TargetAttributes = {
					F2D68B1029DDB3BB00194071 = {
						CreatedOnToolsVersion = 14.3;
					};
				};
			};
			buildConfigurationList = F2D68B0C29DDB3BB00194071 /* Build configuration list for PBXProject "Parkfuchs" */;
			compatibilityVersion = "Xcode 14.0";
			developmentRegion = en;
			hasScannedForEncodings = 0;
			knownRegions = (
				en,
				Base,
			);
			mainGroup = F2D68B0829DDB3BB00194071;
			productRefGroup = F2D68B1229DDB3BB00194071 /* Products */;
			projectDirPath = "";
			projectRoot = "";
			targets = (
				F2D68B1029DDB3BB00194071 /* Parkfuchs */,
			);
		};
/* End PBXProject section */

/* Begin PBXResourcesBuildPhase section */
		F2D68B0F29DDB3BB00194071 /* Resources */ = {
			isa = PBXResourcesBuildPhase;
			buildActionMask = 2147483647;
			files = (
				F2CCD41A2A9F750B0000785E /* Assets.xcassets in Resources */,
				F2CCD4392A9F8BCA0000785E /* Bitter-MediumItalic.ttf in Resources */,
				F2CCD4302A9F8BCA0000785E /* Roboto-Regular.ttf in Resources */,
				F2CCD4352A9F8BCA0000785E /* Roboto-Bold.ttf in Resources */,
				F2CCD42F2A9F8BCA0000785E /* Bitter-Medium.ttf in Resources */,
				F2D68B1C29DDB3BB00194071 /* Preview Assets.xcassets in Resources */,
				F2CCD4312A9F8BCA0000785E /* Roboto-MediumItalic.ttf in Resources */,
				F2CCD4372A9F8BCA0000785E /* Bitter-Italic.ttf in Resources */,
				F2CCD4382A9F8BCA0000785E /* Bitter-Light.ttf in Resources */,
				F2CCD42E2A9F8BCA0000785E /* Roboto-Light.ttf in Resources */,
				F2CCD42C2A9F8BCA0000785E /* Roboto-Medium.ttf in Resources */,
				F2CCD4342A9F8BCA0000785E /* Bitter-Regular.ttf in Resources */,
				F2CCD4332A9F8BCA0000785E /* Roboto-Italic.ttf in Resources */,
				F2CCD4322A9F8BCA0000785E /* Bitter-SemiBold.ttf in Resources */,
				F2CCD4362A9F8BCA0000785E /* Roboto-Thin.ttf in Resources */,
				F2CCD42D2A9F8BCA0000785E /* Bitter-Bold.ttf in Resources */,
			);
			runOnlyForDeploymentPostprocessing = 0;
		};
/* End PBXResourcesBuildPhase section */

/* Begin PBXSourcesBuildPhase section */
		F2D68B0D29DDB3BB00194071 /* Sources */ = {
			isa = PBXSourcesBuildPhase;
			buildActionMask = 2147483647;
			files = (
				F201A3112A9B55840000E594 /* Texts.swift in Sources */,
				F2410D372ABB12BC0075091A /* Constants.swift in Sources */,
				F21E9B142AAE541800AFB4E8 /* MapView.swift in Sources */,
				F201A3102A9B55840000E594 /* Color+Design.swift in Sources */,
				F201A3122A9B55840000E594 /* TeamMemberInfo.swift in Sources */,
				F2AD3EC82AF6AE8900E4EC81 /* VersionView.swift in Sources */,
				F2A8D1152ABE281600A44C13 /* LocationCity.swift in Sources */,
				F2D68B1729DDB3BB00194071 /* ContentView.swift in Sources */,
				F201A3142A9B55840000E594 /* MainHeaderView.swift in Sources */,
				F201A3152A9B55840000E594 /* PodcastView.swift in Sources */,
				F2D68B1529DDB3BB00194071 /* ParkfuchsApp.swift in Sources */,
				F2AA9CF12AEBEAD90044B016 /* LadefuchsView.swift in Sources */,
				F201A3182A9B55840000E594 /* TeammemberView.swift in Sources */,
				F201A3172A9B55840000E594 /* HeaderView.swift in Sources */,
				F201A30F2A9B55840000E594 /* MemberView.swift in Sources */,
				F2AD3EC22AF6AB5A00E4EC81 /* IlluView.swift in Sources */,
				F2AD3EC62AF6AD8F00E4EC81 /* FooterView.swift in Sources */,
				F2CCD41C2A9F88770000785E /* InfoView.swift in Sources */,
				F201A3132A9B55840000E594 /* ExternalURLs.swift in Sources */,
				F201A3162A9B55840000E594 /* Font+Design.swift in Sources */,
				F2AD3EC42AF6AC6100E4EC81 /* LizenzView.swift in Sources */,
				F201A3042A9B55730000E594 /* TeamView.swift in Sources */,
			);
			runOnlyForDeploymentPostprocessing = 0;
		};
/* End PBXSourcesBuildPhase section */

/* Begin XCBuildConfiguration section */
		F2D68B1D29DDB3BB00194071 /* Debug */ = {
			isa = XCBuildConfiguration;
			buildSettings = {
				ALWAYS_SEARCH_USER_PATHS = NO;
				ASSETCATALOG_COMPILER_GENERATE_SWIFT_ASSET_SYMBOL_EXTENSIONS = YES;
				CLANG_ANALYZER_NONNULL = YES;
				CLANG_ANALYZER_NUMBER_OBJECT_CONVERSION = YES_AGGRESSIVE;
				CLANG_CXX_LANGUAGE_STANDARD = "gnu++20";
				CLANG_ENABLE_MODULES = YES;
				CLANG_ENABLE_OBJC_ARC = YES;
				CLANG_ENABLE_OBJC_WEAK = YES;
				CLANG_WARN_BLOCK_CAPTURE_AUTORELEASING = YES;
				CLANG_WARN_BOOL_CONVERSION = YES;
				CLANG_WARN_COMMA = YES;
				CLANG_WARN_CONSTANT_CONVERSION = YES;
				CLANG_WARN_DEPRECATED_OBJC_IMPLEMENTATIONS = YES;
				CLANG_WARN_DIRECT_OBJC_ISA_USAGE = YES_ERROR;
				CLANG_WARN_DOCUMENTATION_COMMENTS = YES;
				CLANG_WARN_EMPTY_BODY = YES;
				CLANG_WARN_ENUM_CONVERSION = YES;
				CLANG_WARN_INFINITE_RECURSION = YES;
				CLANG_WARN_INT_CONVERSION = YES;
				CLANG_WARN_NON_LITERAL_NULL_CONVERSION = YES;
				CLANG_WARN_OBJC_IMPLICIT_RETAIN_SELF = YES;
				CLANG_WARN_OBJC_LITERAL_CONVERSION = YES;
				CLANG_WARN_OBJC_ROOT_CLASS = YES_ERROR;
				CLANG_WARN_QUOTED_INCLUDE_IN_FRAMEWORK_HEADER = YES;
				CLANG_WARN_RANGE_LOOP_ANALYSIS = YES;
				CLANG_WARN_STRICT_PROTOTYPES = YES;
				CLANG_WARN_SUSPICIOUS_MOVE = YES;
				CLANG_WARN_UNGUARDED_AVAILABILITY = YES_AGGRESSIVE;
				CLANG_WARN_UNREACHABLE_CODE = YES;
				CLANG_WARN__DUPLICATE_METHOD_MATCH = YES;
				COPY_PHASE_STRIP = NO;
				DEBUG_INFORMATION_FORMAT = dwarf;
				ENABLE_STRICT_OBJC_MSGSEND = YES;
				ENABLE_TESTABILITY = YES;
				ENABLE_USER_SCRIPT_SANDBOXING = YES;
				GCC_C_LANGUAGE_STANDARD = gnu11;
				GCC_DYNAMIC_NO_PIC = NO;
				GCC_NO_COMMON_BLOCKS = YES;
				GCC_OPTIMIZATION_LEVEL = 0;
				GCC_PREPROCESSOR_DEFINITIONS = (
					"DEBUG=1",
					"$(inherited)",
				);
				GCC_WARN_64_TO_32_BIT_CONVERSION = YES;
				GCC_WARN_ABOUT_RETURN_TYPE = YES_ERROR;
				GCC_WARN_UNDECLARED_SELECTOR = YES;
				GCC_WARN_UNINITIALIZED_AUTOS = YES_AGGRESSIVE;
				GCC_WARN_UNUSED_FUNCTION = YES;
				GCC_WARN_UNUSED_VARIABLE = YES;
				IPHONEOS_DEPLOYMENT_TARGET = 16.4;
				MTL_ENABLE_DEBUG_INFO = INCLUDE_SOURCE;
				MTL_FAST_MATH = YES;
				ONLY_ACTIVE_ARCH = YES;
				SDKROOT = iphoneos;
				SWIFT_ACTIVE_COMPILATION_CONDITIONS = DEBUG;
				SWIFT_OPTIMIZATION_LEVEL = "-Onone";
			};
			name = Debug;
		};
		F2D68B1E29DDB3BB00194071 /* Release */ = {
			isa = XCBuildConfiguration;
			buildSettings = {
				ALWAYS_SEARCH_USER_PATHS = NO;
				ASSETCATALOG_COMPILER_GENERATE_SWIFT_ASSET_SYMBOL_EXTENSIONS = YES;
				CLANG_ANALYZER_NONNULL = YES;
				CLANG_ANALYZER_NUMBER_OBJECT_CONVERSION = YES_AGGRESSIVE;
				CLANG_CXX_LANGUAGE_STANDARD = "gnu++20";
				CLANG_ENABLE_MODULES = YES;
				CLANG_ENABLE_OBJC_ARC = YES;
				CLANG_ENABLE_OBJC_WEAK = YES;
				CLANG_WARN_BLOCK_CAPTURE_AUTORELEASING = YES;
				CLANG_WARN_BOOL_CONVERSION = YES;
				CLANG_WARN_COMMA = YES;
				CLANG_WARN_CONSTANT_CONVERSION = YES;
				CLANG_WARN_DEPRECATED_OBJC_IMPLEMENTATIONS = YES;
				CLANG_WARN_DIRECT_OBJC_ISA_USAGE = YES_ERROR;
				CLANG_WARN_DOCUMENTATION_COMMENTS = YES;
				CLANG_WARN_EMPTY_BODY = YES;
				CLANG_WARN_ENUM_CONVERSION = YES;
				CLANG_WARN_INFINITE_RECURSION = YES;
				CLANG_WARN_INT_CONVERSION = YES;
				CLANG_WARN_NON_LITERAL_NULL_CONVERSION = YES;
				CLANG_WARN_OBJC_IMPLICIT_RETAIN_SELF = YES;
				CLANG_WARN_OBJC_LITERAL_CONVERSION = YES;
				CLANG_WARN_OBJC_ROOT_CLASS = YES_ERROR;
				CLANG_WARN_QUOTED_INCLUDE_IN_FRAMEWORK_HEADER = YES;
				CLANG_WARN_RANGE_LOOP_ANALYSIS = YES;
				CLANG_WARN_STRICT_PROTOTYPES = YES;
				CLANG_WARN_SUSPICIOUS_MOVE = YES;
				CLANG_WARN_UNGUARDED_AVAILABILITY = YES_AGGRESSIVE;
				CLANG_WARN_UNREACHABLE_CODE = YES;
				CLANG_WARN__DUPLICATE_METHOD_MATCH = YES;
				COPY_PHASE_STRIP = NO;
				DEBUG_INFORMATION_FORMAT = "dwarf-with-dsym";
				ENABLE_NS_ASSERTIONS = NO;
				ENABLE_STRICT_OBJC_MSGSEND = YES;
				ENABLE_USER_SCRIPT_SANDBOXING = YES;
				GCC_C_LANGUAGE_STANDARD = gnu11;
				GCC_NO_COMMON_BLOCKS = YES;
				GCC_WARN_64_TO_32_BIT_CONVERSION = YES;
				GCC_WARN_ABOUT_RETURN_TYPE = YES_ERROR;
				GCC_WARN_UNDECLARED_SELECTOR = YES;
				GCC_WARN_UNINITIALIZED_AUTOS = YES_AGGRESSIVE;
				GCC_WARN_UNUSED_FUNCTION = YES;
				GCC_WARN_UNUSED_VARIABLE = YES;
				IPHONEOS_DEPLOYMENT_TARGET = 16.4;
				MTL_ENABLE_DEBUG_INFO = NO;
				MTL_FAST_MATH = YES;
				SDKROOT = iphoneos;
				SWIFT_COMPILATION_MODE = wholemodule;
				SWIFT_OPTIMIZATION_LEVEL = "-O";
				VALIDATE_PRODUCT = YES;
			};
			name = Release;
		};
		F2D68B2029DDB3BB00194071 /* Debug */ = {
			isa = XCBuildConfiguration;
			buildSettings = {
				ASSETCATALOG_COMPILER_APPICON_NAME = AppIcon;
				ASSETCATALOG_COMPILER_GLOBAL_ACCENT_COLOR_NAME = AccentColor;
				ASSETCATALOG_COMPILER_INCLUDE_ALL_APPICON_ASSETS = YES;
				CODE_SIGN_ENTITLEMENTS = Parkfuchs/Parkfuchs.entitlements;
				CODE_SIGN_IDENTITY = "Apple Development";
				"CODE_SIGN_IDENTITY[sdk=iphoneos*]" = "iPhone Distribution";
				CODE_SIGN_STYLE = Manual;
				CURRENT_PROJECT_VERSION = 3;
				DEVELOPMENT_ASSET_PATHS = "\"Parkfuchs/Preview Content\"";
				DEVELOPMENT_TEAM = "";
				"DEVELOPMENT_TEAM[sdk=iphoneos*]" = 8K5G7U6X4C;
				ENABLE_PREVIEWS = YES;
				GENERATE_INFOPLIST_FILE = YES;
				INFOPLIST_FILE = Parkfuchs/Info.plist;
				INFOPLIST_KEY_CFBundleDisplayName = Parkfuchs;
				INFOPLIST_KEY_LSApplicationCategoryType = "public.app-category.travel";
				INFOPLIST_KEY_NSLocationAlwaysUsageDescription = "";
				INFOPLIST_KEY_NSLocationWhenInUseUsageDescription = "Deine aktuelle Position wird nur dazu verwendet den Ort einzutragen. Diese Information wird nicht gespeichert.";
				INFOPLIST_KEY_UIApplicationSceneManifest_Generation = YES;
				INFOPLIST_KEY_UIApplicationSupportsIndirectInputEvents = YES;
				INFOPLIST_KEY_UILaunchScreen_Generation = YES;
				INFOPLIST_KEY_UIStatusBarStyle = "";
				INFOPLIST_KEY_UISupportedInterfaceOrientations = UIInterfaceOrientationPortrait;
				INFOPLIST_KEY_UISupportedInterfaceOrientations_iPad = "UIInterfaceOrientationLandscapeLeft UIInterfaceOrientationLandscapeRight UIInterfaceOrientationPortrait UIInterfaceOrientationPortraitUpsideDown";
				LD_RUNPATH_SEARCH_PATHS = (
					"$(inherited)",
					"@executable_path/Frameworks",
				);
				MARKETING_VERSION = 1.3.1;
				PRODUCT_BUNDLE_IDENTIFIER = de.parkfuchs.app;
				PRODUCT_NAME = "$(TARGET_NAME)";
				PROVISIONING_PROFILE_SPECIFIER = "";
				"PROVISIONING_PROFILE_SPECIFIER[sdk=iphoneos*]" = "Parkfuchs Sven";
				SUPPORTED_PLATFORMS = "iphoneos iphonesimulator";
				SUPPORTS_MACCATALYST = NO;
				SUPPORTS_MAC_DESIGNED_FOR_IPHONE_IPAD = NO;
				SUPPORTS_XR_DESIGNED_FOR_IPHONE_IPAD = NO;
				SWIFT_EMIT_LOC_STRINGS = YES;
				SWIFT_VERSION = 5.0;
				TARGETED_DEVICE_FAMILY = 1;
			};
			name = Debug;
		};
		F2D68B2129DDB3BB00194071 /* Release */ = {
			isa = XCBuildConfiguration;
			buildSettings = {
				ASSETCATALOG_COMPILER_APPICON_NAME = AppIcon;
				ASSETCATALOG_COMPILER_GLOBAL_ACCENT_COLOR_NAME = AccentColor;
				ASSETCATALOG_COMPILER_INCLUDE_ALL_APPICON_ASSETS = YES;
				CODE_SIGN_ENTITLEMENTS = Parkfuchs/Parkfuchs.entitlements;
				CODE_SIGN_IDENTITY = "Apple Development";
				"CODE_SIGN_IDENTITY[sdk=iphoneos*]" = "iPhone Distribution";
				CODE_SIGN_STYLE = Manual;
				CURRENT_PROJECT_VERSION = 3;
				DEVELOPMENT_ASSET_PATHS = "\"Parkfuchs/Preview Content\"";
				DEVELOPMENT_TEAM = "";
				"DEVELOPMENT_TEAM[sdk=iphoneos*]" = 8K5G7U6X4C;
				ENABLE_PREVIEWS = YES;
				GENERATE_INFOPLIST_FILE = YES;
				INFOPLIST_FILE = Parkfuchs/Info.plist;
				INFOPLIST_KEY_CFBundleDisplayName = Parkfuchs;
				INFOPLIST_KEY_LSApplicationCategoryType = "public.app-category.travel";
				INFOPLIST_KEY_NSLocationAlwaysUsageDescription = "";
				INFOPLIST_KEY_NSLocationWhenInUseUsageDescription = "Deine aktuelle Position wird nur dazu verwendet den Ort einzutragen. Diese Information wird nicht gespeichert.";
				INFOPLIST_KEY_UIApplicationSceneManifest_Generation = YES;
				INFOPLIST_KEY_UIApplicationSupportsIndirectInputEvents = YES;
				INFOPLIST_KEY_UILaunchScreen_Generation = YES;
				INFOPLIST_KEY_UIStatusBarStyle = "";
				INFOPLIST_KEY_UISupportedInterfaceOrientations = UIInterfaceOrientationPortrait;
				INFOPLIST_KEY_UISupportedInterfaceOrientations_iPad = "UIInterfaceOrientationLandscapeLeft UIInterfaceOrientationLandscapeRight UIInterfaceOrientationPortrait UIInterfaceOrientationPortraitUpsideDown";
				LD_RUNPATH_SEARCH_PATHS = (
					"$(inherited)",
					"@executable_path/Frameworks",
				);
				MARKETING_VERSION = 1.3.1;
				PRODUCT_BUNDLE_IDENTIFIER = de.parkfuchs.app;
				PRODUCT_NAME = "$(TARGET_NAME)";
				PROVISIONING_PROFILE_SPECIFIER = "";
				"PROVISIONING_PROFILE_SPECIFIER[sdk=iphoneos*]" = "Parkfuchs Sven";
				SUPPORTED_PLATFORMS = "iphoneos iphonesimulator";
				SUPPORTS_MACCATALYST = NO;
				SUPPORTS_MAC_DESIGNED_FOR_IPHONE_IPAD = NO;
				SUPPORTS_XR_DESIGNED_FOR_IPHONE_IPAD = NO;
				SWIFT_EMIT_LOC_STRINGS = YES;
				SWIFT_VERSION = 5.0;
				TARGETED_DEVICE_FAMILY = 1;
			};
			name = Release;
		};
/* End XCBuildConfiguration section */

/* Begin XCConfigurationList section */
		F2D68B0C29DDB3BB00194071 /* Build configuration list for PBXProject "Parkfuchs" */ = {
			isa = XCConfigurationList;
			buildConfigurations = (
				F2D68B1D29DDB3BB00194071 /* Debug */,
				F2D68B1E29DDB3BB00194071 /* Release */,
			);
			defaultConfigurationIsVisible = 0;
			defaultConfigurationName = Release;
		};
		F2D68B1F29DDB3BB00194071 /* Build configuration list for PBXNativeTarget "Parkfuchs" */ = {
			isa = XCConfigurationList;
			buildConfigurations = (
				F2D68B2029DDB3BB00194071 /* Debug */,
				F2D68B2129DDB3BB00194071 /* Release */,
			);
			defaultConfigurationIsVisible = 0;
			defaultConfigurationName = Release;
		};
/* End XCConfigurationList section */
	};
	rootObject = F2D68B0929DDB3BB00194071 /* Project object */;
}
